
Microsoft Visual Studio Solution File, Format Version 12.00
# Visual Studio Version 17
VisualStudioVersion = 17.11.35303.130
MinimumVisualStudioVersion = 10.0.40219.1
Project("{2150E333-8FDC-42A3-9474-1A3956D46DE8}") = "Services", "Services", "{3CA979CD-EB0D-445E-B683-B06BE89A7AFE}"
EndProject
Project("{2150E333-8FDC-42A3-9474-1A3956D46DE8}") = "Catalog", "Catalog", "{C754C2C9-5993-4783-881D-724F04CFB56D}"
EndProject
Project("{9A19103F-16F7-4668-BE54-9A1E7A4F7556}") = "Catalog.API", "Services\Catalog\Catalog.API\Catalog.API.csproj", "{2A4EC211-5959-4B3D-90B8-C73C8ACF7988}"
EndProject
Project("{2150E333-8FDC-42A3-9474-1A3956D46DE8}") = "BuildingBlocks", "BuildingBlocks", "{06DD6C46-2815-40FA-A8EA-DAED8F6EF2E1}"
EndProject
Project("{9A19103F-16F7-4668-BE54-9A1E7A4F7556}") = "BuildingBlocks", "BuildingBlocks\BuildingBlocks\BuildingBlocks.csproj", "{DCAA5902-9C39-400A-AAA5-60217BEC3521}"
EndProject
Project("{E53339B2-1760-4266-BCC7-CA923CBCF16C}") = "docker-compose", "docker-compose.dcproj", "{E3FA523C-919F-4FBD-9EBA-A675E709E3F9}"
EndProject
Project("{2150E333-8FDC-42A3-9474-1A3956D46DE8}") = "Basket", "Basket", "{E25A3642-486E-4BCF-9D2C-8D447EF03981}"
EndProject
Project("{9A19103F-16F7-4668-BE54-9A1E7A4F7556}") = "Basket.API", "Services\Basket\Basket.API\Basket.API.csproj", "{F99E08EF-480E-44A9-BA20-3F876062E1F9}"
EndProject
Project("{2150E333-8FDC-42A3-9474-1A3956D46DE8}") = "Discount", "Discount", "{6060A7D5-CA4B-49D7-AF89-7AABC40407E7}"
EndProject
Project("{9A19103F-16F7-4668-BE54-9A1E7A4F7556}") = "Discount.Grpc", "Services\Discount\Discount.Grpc\Discount.Grpc.csproj", "{BEE89E5D-9681-48A0-8BF7-7C902B1A88E2}"
EndProject
Project("{2150E333-8FDC-42A3-9474-1A3956D46DE8}") = "Ordering", "Ordering", "{7A1EA2D5-E0D9-4AB7-8CC0-B7D6294D0B8B}"
EndProject
Project("{9A19103F-16F7-4668-BE54-9A1E7A4F7556}") = "Ordering.API", "Services\Ordering\Ordering.API\Ordering.API.csproj", "{085C7D29-08B2-4DE1-92C9-E93A6FDC1CF6}"
EndProject
Project("{9A19103F-16F7-4668-BE54-9A1E7A4F7556}") = "Ordering.Domain", "Services\Ordering\Ordering.Domain\Ordering.Domain.csproj", "{4F21E43D-7D7F-4347-B9C1-0A0E64EC313C}"
EndProject
Project("{9A19103F-16F7-4668-BE54-9A1E7A4F7556}") = "Ordering.Application", "Services\Ordering\Ordering.Application\Ordering.Application.csproj", "{0610F642-BB70-4146-A718-40DBFB9DBDD7}"
EndProject
Project("{9A19103F-16F7-4668-BE54-9A1E7A4F7556}") = "Ordering.Infrastructure", "Services\Ordering\Ordering.Infrastucture\Ordering.Infrastructure.csproj", "{5860AF04-2C0B-4761-A163-83F1312F784C}"
EndProject
Project("{9A19103F-16F7-4668-BE54-9A1E7A4F7556}") = "BuildingBlocks.Messaging", "BuildingBlocks\BuildingBlocks.Messaging\BuildingBlocks.Messaging.csproj", "{C3B35496-7C18-4CCA-93DB-E4FDB1576E09}"
EndProject
Project("{2150E333-8FDC-42A3-9474-1A3956D46DE8}") = "ApiGateways", "ApiGateways", "{36A404F0-037D-46C4-A071-4DB8BF5E7945}"
EndProject
Project("{FAE04EC0-301F-11D3-BF4B-00C04F79EFBC}") = "YarpApiGateway", "ApiGateways\YarpApiGateway\YarpApiGateway.csproj", "{EE591393-4974-458F-A60E-539C1A566FB4}"
EndProject
Global
	GlobalSection(SolutionConfigurationPlatforms) = preSolution
		Debug|Any CPU = Debug|Any CPU
		Release|Any CPU = Release|Any CPU
	EndGlobalSection
	GlobalSection(ProjectConfigurationPlatforms) = postSolution
		{2A4EC211-5959-4B3D-90B8-C73C8ACF7988}.Debug|Any CPU.ActiveCfg = Debug|Any CPU
		{2A4EC211-5959-4B3D-90B8-C73C8ACF7988}.Debug|Any CPU.Build.0 = Debug|Any CPU
		{2A4EC211-5959-4B3D-90B8-C73C8ACF7988}.Release|Any CPU.ActiveCfg = Release|Any CPU
		{2A4EC211-5959-4B3D-90B8-C73C8ACF7988}.Release|Any CPU.Build.0 = Release|Any CPU
		{DCAA5902-9C39-400A-AAA5-60217BEC3521}.Debug|Any CPU.ActiveCfg = Debug|Any CPU
		{DCAA5902-9C39-400A-AAA5-60217BEC3521}.Debug|Any CPU.Build.0 = Debug|Any CPU
		{DCAA5902-9C39-400A-AAA5-60217BEC3521}.Release|Any CPU.ActiveCfg = Release|Any CPU
		{DCAA5902-9C39-400A-AAA5-60217BEC3521}.Release|Any CPU.Build.0 = Release|Any CPU
		{E3FA523C-919F-4FBD-9EBA-A675E709E3F9}.Debug|Any CPU.ActiveCfg = Debug|Any CPU
		{E3FA523C-919F-4FBD-9EBA-A675E709E3F9}.Debug|Any CPU.Build.0 = Debug|Any CPU
		{E3FA523C-919F-4FBD-9EBA-A675E709E3F9}.Release|Any CPU.ActiveCfg = Release|Any CPU
		{E3FA523C-919F-4FBD-9EBA-A675E709E3F9}.Release|Any CPU.Build.0 = Release|Any CPU
		{F99E08EF-480E-44A9-BA20-3F876062E1F9}.Debug|Any CPU.ActiveCfg = Debug|Any CPU
		{F99E08EF-480E-44A9-BA20-3F876062E1F9}.Debug|Any CPU.Build.0 = Debug|Any CPU
		{F99E08EF-480E-44A9-BA20-3F876062E1F9}.Release|Any CPU.ActiveCfg = Release|Any CPU
		{F99E08EF-480E-44A9-BA20-3F876062E1F9}.Release|Any CPU.Build.0 = Release|Any CPU
		{BEE89E5D-9681-48A0-8BF7-7C902B1A88E2}.Debug|Any CPU.ActiveCfg = Debug|Any CPU
		{BEE89E5D-9681-48A0-8BF7-7C902B1A88E2}.Debug|Any CPU.Build.0 = Debug|Any CPU
		{BEE89E5D-9681-48A0-8BF7-7C902B1A88E2}.Release|Any CPU.ActiveCfg = Release|Any CPU
		{BEE89E5D-9681-48A0-8BF7-7C902B1A88E2}.Release|Any CPU.Build.0 = Release|Any CPU
		{085C7D29-08B2-4DE1-92C9-E93A6FDC1CF6}.Debug|Any CPU.ActiveCfg = Debug|Any CPU
		{085C7D29-08B2-4DE1-92C9-E93A6FDC1CF6}.Debug|Any CPU.Build.0 = Debug|Any CPU
		{085C7D29-08B2-4DE1-92C9-E93A6FDC1CF6}.Release|Any CPU.ActiveCfg = Release|Any CPU
		{085C7D29-08B2-4DE1-92C9-E93A6FDC1CF6}.Release|Any CPU.Build.0 = Release|Any CPU
		{4F21E43D-7D7F-4347-B9C1-0A0E64EC313C}.Debug|Any CPU.ActiveCfg = Debug|Any CPU
		{4F21E43D-7D7F-4347-B9C1-0A0E64EC313C}.Debug|Any CPU.Build.0 = Debug|Any CPU
		{4F21E43D-7D7F-4347-B9C1-0A0E64EC313C}.Release|Any CPU.ActiveCfg = Release|Any CPU
		{4F21E43D-7D7F-4347-B9C1-0A0E64EC313C}.Release|Any CPU.Build.0 = Release|Any CPU
		{0610F642-BB70-4146-A718-40DBFB9DBDD7}.Debug|Any CPU.ActiveCfg = Debug|Any CPU
		{0610F642-BB70-4146-A718-40DBFB9DBDD7}.Debug|Any CPU.Build.0 = Debug|Any CPU
		{0610F642-BB70-4146-A718-40DBFB9DBDD7}.Release|Any CPU.ActiveCfg = Release|Any CPU
		{0610F642-BB70-4146-A718-40DBFB9DBDD7}.Release|Any CPU.Build.0 = Release|Any CPU
		{5860AF04-2C0B-4761-A163-83F1312F784C}.Debug|Any CPU.ActiveCfg = Debug|Any CPU
		{5860AF04-2C0B-4761-A163-83F1312F784C}.Debug|Any CPU.Build.0 = Debug|Any CPU
		{5860AF04-2C0B-4761-A163-83F1312F784C}.Release|Any CPU.ActiveCfg = Release|Any CPU
		{5860AF04-2C0B-4761-A163-83F1312F784C}.Release|Any CPU.Build.0 = Release|Any CPU
		{C3B35496-7C18-4CCA-93DB-E4FDB1576E09}.Debug|Any CPU.ActiveCfg = Debug|Any CPU
		{C3B35496-7C18-4CCA-93DB-E4FDB1576E09}.Debug|Any CPU.Build.0 = Debug|Any CPU
		{C3B35496-7C18-4CCA-93DB-E4FDB1576E09}.Release|Any CPU.ActiveCfg = Release|Any CPU
		{C3B35496-7C18-4CCA-93DB-E4FDB1576E09}.Release|Any CPU.Build.0 = Release|Any CPU
		{EE591393-4974-458F-A60E-539C1A566FB4}.Debug|Any CPU.ActiveCfg = Debug|Any CPU
		{EE591393-4974-458F-A60E-539C1A566FB4}.Debug|Any CPU.Build.0 = Debug|Any CPU
		{EE591393-4974-458F-A60E-539C1A566FB4}.Release|Any CPU.ActiveCfg = Release|Any CPU
		{EE591393-4974-458F-A60E-539C1A566FB4}.Release|Any CPU.Build.0 = Release|Any CPU
	EndGlobalSection
	GlobalSection(SolutionProperties) = preSolution
		HideSolutionNode = FALSE
	EndGlobalSection
	GlobalSection(NestedProjects) = preSolution
		{C754C2C9-5993-4783-881D-724F04CFB56D} = {3CA979CD-EB0D-445E-B683-B06BE89A7AFE}
		{2A4EC211-5959-4B3D-90B8-C73C8ACF7988} = {C754C2C9-5993-4783-881D-724F04CFB56D}
		{DCAA5902-9C39-400A-AAA5-60217BEC3521} = {06DD6C46-2815-40FA-A8EA-DAED8F6EF2E1}
		{E25A3642-486E-4BCF-9D2C-8D447EF03981} = {3CA979CD-EB0D-445E-B683-B06BE89A7AFE}
		{F99E08EF-480E-44A9-BA20-3F876062E1F9} = {E25A3642-486E-4BCF-9D2C-8D447EF03981}
		{6060A7D5-CA4B-49D7-AF89-7AABC40407E7} = {3CA979CD-EB0D-445E-B683-B06BE89A7AFE}
		{BEE89E5D-9681-48A0-8BF7-7C902B1A88E2} = {6060A7D5-CA4B-49D7-AF89-7AABC40407E7}
		{7A1EA2D5-E0D9-4AB7-8CC0-B7D6294D0B8B} = {3CA979CD-EB0D-445E-B683-B06BE89A7AFE}
		{085C7D29-08B2-4DE1-92C9-E93A6FDC1CF6} = {7A1EA2D5-E0D9-4AB7-8CC0-B7D6294D0B8B}
		{4F21E43D-7D7F-4347-B9C1-0A0E64EC313C} = {7A1EA2D5-E0D9-4AB7-8CC0-B7D6294D0B8B}
		{0610F642-BB70-4146-A718-40DBFB9DBDD7} = {7A1EA2D5-E0D9-4AB7-8CC0-B7D6294D0B8B}
		{5860AF04-2C0B-4761-A163-83F1312F784C} = {7A1EA2D5-E0D9-4AB7-8CC0-B7D6294D0B8B}
		{C3B35496-7C18-4CCA-93DB-E4FDB1576E09} = {06DD6C46-2815-40FA-A8EA-DAED8F6EF2E1}
		{EE591393-4974-458F-A60E-539C1A566FB4} = {36A404F0-037D-46C4-A071-4DB8BF5E7945}
	EndGlobalSection
	GlobalSection(ExtensibilityGlobals) = postSolution
		SolutionGuid = {D0FCE31D-056C-471F-9068-146406FE749E}
	EndGlobalSection
EndGlobal
